<?xml version="1.0" encoding="UTF-8"?>
<Scheme LastUpgradeVersion="1600" version="1.3">
 <BuildAction parallelizeBuildables="YES" buildImplicitDependencies="YES"><BuildActionEntries>
  <BuildActionEntry buildForTesting="YES" buildForRunning="YES" buildForProfiling="YES" buildForArchiving="YES" buildForAnalyzing="YES"><BuildableReference BuildableIdentifier="primary" BlueprintIdentifier="CBC5C0F42E88ADCFC3E10095" BuildableName="AgentCompanion.app" BlueprintName="AgentCompanion" ReferencedContainer="container:AgentCompanion.xcodeproj"/></BuildActionEntry>
 </BuildActionEntries></BuildAction>
 <TestAction buildConfiguration="Debug" selectedDebuggerIdentifier="Xcode.DebuggerFoundation.Debugger.LLDB" selectedLauncherIdentifier="Xcode.IDEFoundation.Launcher.LLDB" shouldUseLaunchSchemeArgsEnv="YES"><Testables><TestableReference skipped="NO"><BuildableReference BuildableIdentifier="primary" BlueprintIdentifier="64034EAF17D1149159795A3B" BuildableName="AgentCompanionTests.xctest" BlueprintName="AgentCompanionTests" ReferencedContainer="container:AgentCompanion.xcodeproj"/></TestableReference></Testables></TestAction>
 <LaunchAction buildConfiguration="Debug" selectedDebuggerIdentifier="Xcode.DebuggerFoundation.Debugger.LLDB" selectedLauncherIdentifier="Xcode.IDEFoundation.Launcher.LLDB" launchStyle="0" useCustomWorkingDirectory="NO" ignoresPersistentStateOnLaunch="NO" debugDocumentVersioning="YES" allowLocationSimulation="YES"><BuildableProductRunnable runnableDebuggingMode="0"><BuildableReference BuildableIdentifier="primary" BlueprintIdentifier="CBC5C0F42E88ADCFC3E10095" BuildableName="AgentCompanion.app" BlueprintName="AgentCompanion" ReferencedContainer="container:AgentCompanion.xcodeproj"/></BuildableProductRunnable></LaunchAction>
 <ProfileAction buildConfiguration="Release" shouldUseLaunchSchemeArgsEnv="YES" savedToolIdentifier="" useCustomWorkingDirectory="NO" debugDocumentVersioning="YES"><BuildableProductRunnable runnableDebuggingMode="0"><BuildableReference BuildableIdentifier="primary" BlueprintIdentifier="CBC5C0F42E88ADCFC3E10095" BuildableName="AgentCompanion.app" BlueprintName="AgentCompanion" ReferencedContainer="container:AgentCompanion.xcodeproj"/></BuildableProductRunnable></ProfileAction>
 <AnalyzeAction buildConfiguration="Debug"/><ArchiveAction buildConfiguration="Release" revealArchiveInOrganizer="YES"/>
</Scheme>
