// !$*UTF8*$!
{
"archiveVersion" = 1;
"classes" = {

};
"objectVersion" = 56;
"objects" = {
"D379F6C442F8870FB0E79011" = {
"isa" = "PBXFileReference";
"lastKnownFileType" = "sourcecode.swift";
"path" = "AgentCompanionApp.swift";
"sourceTree" = "<group>";
};
"4DD859D1BE648823977083D7" = {
"isa" = "PBXBuildFile";
"fileRef" = D379F6C442F8870FB0E79011;
};
"54B7D4A440EEDD69EDC2A9FD" = {
"isa" = "PBXFileReference";
"lastKnownFileType" = "sourcecode.swift";
"path" = "CompanionHome.swift";
"sourceTree" = "<group>";
};
"18D3411A0012A71F226E0018" = {
"isa" = "PBXBuildFile";
"fileRef" = 54B7D4A440EEDD69EDC2A9FD;
};
"9942C20CC22E078951EFC383" = {
"isa" = "PBXFileReference";
"lastKnownFileType" = "sourcecode.swift";
"path" = "CompanionModel.swift";
"sourceTree" = "<group>";
};
"121B30221447365343E59D83" = {
"isa" = "PBXBuildFile";
"fileRef" = 9942C20CC22E078951EFC383;
};
"D2E6D3C202B2837FA88267EB" = {
"isa" = "PBXFileReference";
"lastKnownFileType" = "sourcecode.swift";
"path" = "DesignComponents.swift";
"sourceTree" = "<group>";
};
"91631E219B023E6346746153" = {
"isa" = "PBXBuildFile";
"fileRef" = D2E6D3C202B2837FA88267EB;
};
"34730BE9166078328F7B4C2E" = {
"isa" = "PBXFileReference";
"lastKnownFileType" = "sourcecode.swift";
"path" = "DeviceScreens.swift";
"sourceTree" = "<group>";
};
"BBB120693469CAA1EDBDA723" = {
"isa" = "PBXBuildFile";
"fileRef" = 34730BE9166078328F7B4C2E;
};
"475442A98D8C435C13330F69" = {
"isa" = "PBXFileReference";
"lastKnownFileType" = "sourcecode.swift";
"path" = "Diagnostics.swift";
"sourceTree" = "<group>";
};
"91C73879A77B8A0965060A4E" = {
"isa" = "PBXBuildFile";
"fileRef" = 475442A98D8C435C13330F69;
};
"F41016C8973BBFBD9F46452C" = {
"isa" = "PBXFileReference";
"lastKnownFileType" = "sourcecode.swift";
"path" = "Models.swift";
"sourceTree" = "<group>";
};
"85823C9B465AC690B032FD72" = {
"isa" = "PBXBuildFile";
"fileRef" = F41016C8973BBFBD9F46452C;
};
"53A0B480E81CE7792FFECD47" = {
"isa" = "PBXFileReference";
"lastKnownFileType" = "sourcecode.swift";
"path" = "MonitoringCoordinator.swift";
"sourceTree" = "<group>";
};
"29080546DA1A6452F190944B" = {
"isa" = "PBXBuildFile";
"fileRef" = 53A0B480E81CE7792FFECD47;
};
"C22DAF0807D2C4F1D5F67EDD" = {
"isa" = "PBXFileReference";
"lastKnownFileType" = "sourcecode.swift";
"path" = "PairingFlow.swift";
"sourceTree" = "<group>";
};
"DD81EE7302209EA266EAB9F5" = {
"isa" = "PBXBuildFile";
"fileRef" = C22DAF0807D2C4F1D5F67EDD;
};
"5A2527AAAD8BC2B2A1D8145A" = {
"isa" = "PBXFileReference";
"lastKnownFileType" = "sourcecode.swift";
"path" = "PhoneWeather.swift";
"sourceTree" = "<group>";
};
"4707535C834FA8A2A5433D13" = {
"isa" = "PBXBuildFile";
"fileRef" = 5A2527AAAD8BC2B2A1D8145A;
};
"4063D838A906D1FE650B3271" = {
"isa" = "PBXFileReference";
"lastKnownFileType" = "sourcecode.swift";
"path" = "PresentationModel.swift";
"sourceTree" = "<group>";
};
"372116223A298916CEC818DD" = {
"isa" = "PBXBuildFile";
"fileRef" = 4063D838A906D1FE650B3271;
};
"AB9409EC0CB3E53BF8065C91" = {
"isa" = "PBXFileReference";
"lastKnownFileType" = "sourcecode.swift";
"path" = "PushNotifications.swift";
"sourceTree" = "<group>";
};
"8DB73A93D61D167ED24E998C" = {
"isa" = "PBXBuildFile";
"fileRef" = AB9409EC0CB3E53BF8065C91;
};
"5D485593EF3F215E9037FD0C" = {
"isa" = "PBXFileReference";
"lastKnownFileType" = "sourcecode.swift";
"path" = "QRScanner.swift";
"sourceTree" = "<group>";
};
"F9A9D3E63B8A94A6BC3C2F1A" = {
"isa" = "PBXBuildFile";
"fileRef" = 5D485593EF3F215E9037FD0C;
};
"73982D0A3F322D36D27475D5" = {
"isa" = "PBXFileReference";
"lastKnownFileType" = "sourcecode.swift";
"path" = "SettingsScreen.swift";
"sourceTree" = "<group>";
};
"6DBE70171119466D95BD38EE" = {
"isa" = "PBXBuildFile";
"fileRef" = 73982D0A3F322D36D27475D5;
};
"16321946EF3229AC1C8C8EF6" = {
"isa" = "PBXFileReference";
"lastKnownFileType" = "sourcecode.swift";
"path" = "SourceClient.swift";
"sourceTree" = "<group>";
};
"09DACEC89D3557D06DF4B92C" = {
"isa" = "PBXBuildFile";
"fileRef" = 16321946EF3229AC1C8C8EF6;
};
"11D665B35AB2977BAFF84303" = {
"isa" = "PBXFileReference";
"lastKnownFileType" = "sourcecode.swift";
"path" = "TransportDiagnostics.swift";
"sourceTree" = "<group>";
};
"7F6E335436455669020C4D87" = {
"isa" = "PBXBuildFile";
"fileRef" = 11D665B35AB2977BAFF84303;
};
"0A9CDC126C239A459B50BF92" = {
"isa" = "PBXFileReference";
"lastKnownFileType" = "sourcecode.swift";
"path" = "WatchLink.swift";
"sourceTree" = "<group>";
};
"8C40CDC910BF7112B1737D7F" = {
"isa" = "PBXBuildFile";
"fileRef" = 0A9CDC126C239A459B50BF92;
};
"61391C5AF8BA1F3362482CC8" = {
"isa" = "PBXFileReference";
"lastKnownFileType" = "sourcecode.swift";
"path" = "WeatherSettings.swift";
"sourceTree" = "<group>";
};
"F61079DCD2F16853DBF4558A" = {
"isa" = "PBXBuildFile";
"fileRef" = 61391C5AF8BA1F3362482CC8;
};
"410A10C0F2E22FD09B3221CF" = {
"isa" = "PBXFileReference";
"lastKnownFileType" = "sourcecode.swift";
"path" = "../Shared/CompanionTheme.swift";
"sourceTree" = "<group>";
};
"9516029B56CA47C00704B550" = {
"isa" = "PBXBuildFile";
"fileRef" = 410A10C0F2E22FD09B3221CF;
};
"A8C8DF105E4285CAFDDFCB64" = {
"isa" = "PBXFileReference";
"lastKnownFileType" = "sourcecode.swift";
"path" = "../Shared/MonitoringActivity.swift";
"sourceTree" = "<group>";
};
"3E6377140CCCB7EC63582076" = {
"isa" = "PBXBuildFile";
"fileRef" = A8C8DF105E4285CAFDDFCB64;
};
"74DC4E2181E4A50618ECF63E" = {
"isa" = "PBXFileReference";
"lastKnownFileType" = "sourcecode.swift";
"path" = "../Shared/PacemanMark.swift";
"sourceTree" = "<group>";
};
"A57CCBC9342DF7F35A334767" = {
"isa" = "PBXBuildFile";
"fileRef" = 74DC4E2181E4A50618ECF63E;
};
"2FE30F3CCFF8D70208F26CEB" = {
"isa" = "PBXFileReference";
"lastKnownFileType" = "folder.assetcatalog";
"path" = "../Resources/Assets.xcassets";
"sourceTree" = "<group>";
};
"EACE2D07DA83C10B6636B3DF" = {
"isa" = "PBXBuildFile";
"fileRef" = 2FE30F3CCFF8D70208F26CEB;
};
"533E91AE7A7B11C6F2BE02C4" = {
"isa" = "PBXFileReference";
"lastKnownFileType" = "file";
"path" = "../Resources/JetBrainsMono-OFL.txt";
"sourceTree" = "<group>";
};
"3A3E911E297CAD2837216AA2" = {
"isa" = "PBXBuildFile";
"fileRef" = 533E91AE7A7B11C6F2BE02C4;
};
"0EC3990017A5B1462F8B45ED" = {
"isa" = "PBXFileReference";
"lastKnownFileType" = "file";
"path" = "../Resources/JetBrainsMono-Regular.ttf";
"sourceTree" = "<group>";
};
"5324DEFFDA216314A48C0920" = {
"isa" = "PBXBuildFile";
"fileRef" = 0EC3990017A5B1462F8B45ED;
};
"4E4A1F447E8A84C824FABEA4" = {
"isa" = "PBXFileReference";
"lastKnownFileType" = "file";
"path" = "../Resources/JetBrainsMono-SemiBold.ttf";
"sourceTree" = "<group>";
};
"0C5EDA3F3E02E44F4ED21750" = {
"isa" = "PBXBuildFile";
"fileRef" = 4E4A1F447E8A84C824FABEA4;
};
"D9F51782C2ABC2C62BDAB1CB" = {
"isa" = "PBXFileReference";
"lastKnownFileType" = "file";
"path" = "../Resources/MaterialDesignIcons-LICENSE.txt";
"sourceTree" = "<group>";
};
"A7820C84F1E168259E35C6E2" = {
"isa" = "PBXBuildFile";
"fileRef" = D9F51782C2ABC2C62BDAB1CB;
};
"710F65DAD28A4C9F9623C4A1" = {
"isa" = "PBXFileReference";
"lastKnownFileType" = "text";
"path" = "../Resources/ThemeLicenses.txt";
"sourceTree" = "<group>";
};
"78814487621842B495499ED4" = {
"isa" = "PBXBuildFile";
"fileRef" = 710F65DAD28A4C9F9623C4A1;
};
"BADFBA3833E9F76BE403D636" = {
"isa" = "PBXGroup";
"children" = (D379F6C442F8870FB0E79011, 54B7D4A440EEDD69EDC2A9FD, 9942C20CC22E078951EFC383, D2E6D3C202B2837FA88267EB, 34730BE9166078328F7B4C2E, 475442A98D8C435C13330F69, F41016C8973BBFBD9F46452C, 53A0B480E81CE7792FFECD47, C22DAF0807D2C4F1D5F67EDD, 5A2527AAAD8BC2B2A1D8145A, 4063D838A906D1FE650B3271, AB9409EC0CB3E53BF8065C91, 5D485593EF3F215E9037FD0C, 73982D0A3F322D36D27475D5, 16321946EF3229AC1C8C8EF6, 11D665B35AB2977BAFF84303, 0A9CDC126C239A459B50BF92, 61391C5AF8BA1F3362482CC8, 410A10C0F2E22FD09B3221CF, A8C8DF105E4285CAFDDFCB64, 74DC4E2181E4A50618ECF63E, 2FE30F3CCFF8D70208F26CEB, 533E91AE7A7B11C6F2BE02C4, 0EC3990017A5B1462F8B45ED, 4E4A1F447E8A84C824FABEA4, D9F51782C2ABC2C62BDAB1CB, 710F65DAD28A4C9F9623C4A1);
"path" = "AgentCompanion";
"sourceTree" = "<group>";
};
"AEB6B64403AE524DA8E19EB9" = {
"isa" = "PBXSourcesBuildPhase";
"buildActionMask" = 2147483647;
"files" = (4DD859D1BE648823977083D7, 18D3411A0012A71F226E0018, 121B30221447365343E59D83, 91631E219B023E6346746153, BBB120693469CAA1EDBDA723, 91C73879A77B8A0965060A4E, 85823C9B465AC690B032FD72, 29080546DA1A6452F190944B, DD81EE7302209EA266EAB9F5, 4707535C834FA8A2A5433D13, 372116223A298916CEC818DD, 8DB73A93D61D167ED24E998C, F9A9D3E63B8A94A6BC3C2F1A, 6DBE70171119466D95BD38EE, 09DACEC89D3557D06DF4B92C, 7F6E335436455669020C4D87, 8C40CDC910BF7112B1737D7F, F61079DCD2F16853DBF4558A, 9516029B56CA47C00704B550, 3E6377140CCCB7EC63582076, A57CCBC9342DF7F35A334767);
"runOnlyForDeploymentPostprocessing" = 0;
};
"77C2218D3A890C109504E1BC" = {
"isa" = "PBXFrameworksBuildPhase";
"buildActionMask" = 2147483647;
"files" = ();
"runOnlyForDeploymentPostprocessing" = 0;
};
"F4E87BF18452C5C4BBA7E306" = {
"isa" = "PBXResourcesBuildPhase";
"buildActionMask" = 2147483647;
"files" = (EACE2D07DA83C10B6636B3DF, 3A3E911E297CAD2837216AA2, 5324DEFFDA216314A48C0920, 0C5EDA3F3E02E44F4ED21750, A7820C84F1E168259E35C6E2, 78814487621842B495499ED4);
"runOnlyForDeploymentPostprocessing" = 0;
};
"AF2F81A8C99FE38B411B7DC4" = {
"isa" = "PBXFileReference";
"explicitFileType" = "wrapper.application";
"includeInIndex" = 0;
"path" = "AgentCompanion.app";
"sourceTree" = "BUILT_PRODUCTS_DIR";
};
"0FE453910DCE5F42D8B54BB1" = {
"isa" = "XCBuildConfiguration";
"buildSettings" = {
"PRODUCT_NAME" = "$(TARGET_NAME)";
"PRODUCT_BUNDLE_IDENTIFIER" = "com.apselabs.agentcompanion.prototype";
"SWIFT_VERSION" = "5.0";
"IPHONEOS_DEPLOYMENT_TARGET" = "18.0";
"TARGETED_DEVICE_FAMILY" = "1";
"CODE_SIGN_STYLE" = "Automatic";
"SDKROOT" = "iphoneos";
"SUPPORTED_PLATFORMS" = "iphoneos iphonesimulator";
"SWIFT_OPTIMIZATION_LEVEL" = "-Onone";
"SWIFT_ACTIVE_COMPILATION_CONDITIONS" = "DEBUG";
"ENABLE_TESTABILITY" = "YES";
"LD_RUNPATH_SEARCH_PATHS" = ("$(inherited)", "@executable_path/Frameworks", "@loader_path/Frameworks");
"GENERATE_INFOPLIST_FILE" = "NO";
"ASSETCATALOG_COMPILER_APPICON_NAME" = "AppIcon";
"INFOPLIST_FILE" = "AgentCompanion/Info.plist";
"APNS_ENVIRONMENT" = "development";
"CODE_SIGN_ENTITLEMENTS" = "AgentCompanion/AgentCompanion.entitlements";
"DEVELOPMENT_TEAM" = "CF5Q5833P7";
};
"name" = "Debug";
};
"BDAFE18FEB8D1E2F9A70E4E2" = {
"isa" = "XCBuildConfiguration";
"buildSettings" = {
"PRODUCT_NAME" = "$(TARGET_NAME)";
"PRODUCT_BUNDLE_IDENTIFIER" = "com.apselabs.agentcompanion.prototype";
"SWIFT_VERSION" = "5.0";
"IPHONEOS_DEPLOYMENT_TARGET" = "18.0";
"TARGETED_DEVICE_FAMILY" = "1";
"CODE_SIGN_STYLE" = "Automatic";
"SDKROOT" = "iphoneos";
"SUPPORTED_PLATFORMS" = "iphoneos iphonesimulator";
"SWIFT_OPTIMIZATION_LEVEL" = "-O";
"SWIFT_ACTIVE_COMPILATION_CONDITIONS" = "";
"ENABLE_TESTABILITY" = "NO";
"LD_RUNPATH_SEARCH_PATHS" = ("$(inherited)", "@executable_path/Frameworks", "@loader_path/Frameworks");
"GENERATE_INFOPLIST_FILE" = "NO";
"ASSETCATALOG_COMPILER_APPICON_NAME" = "AppIcon";
"INFOPLIST_FILE" = "AgentCompanion/Info.plist";
"APNS_ENVIRONMENT" = "production";
"CODE_SIGN_ENTITLEMENTS" = "AgentCompanion/AgentCompanion.entitlements";
"DEVELOPMENT_TEAM" = "CF5Q5833P7";
};
"name" = "Release";
};
"FEDCF411EC66402A6C4BD28B" = {
"isa" = "XCConfigurationList";
"buildConfigurations" = (0FE453910DCE5F42D8B54BB1, BDAFE18FEB8D1E2F9A70E4E2);
"defaultConfigurationIsVisible" = 0;
"defaultConfigurationName" = "Release";
};
"E7BE5E2673F66E8136F94E4A" = {
"isa" = "PBXContainerItemProxy";
"containerPortal" = 244210E48437B6556980A702;
"proxyType" = 1;
"remoteGlobalIDString" = B742666B0E1B3E7999894166;
"remoteInfo" = "AgentCompanionWidgets";
};
"8A241B4F6D3225C4C0FCA8DF" = {
"isa" = "PBXTargetDependency";
"target" = B742666B0E1B3E7999894166;
"targetProxy" = E7BE5E2673F66E8136F94E4A;
};
"0BF3A498A71EE05330E5B618" = {
"isa" = "PBXBuildFile";
"fileRef" = 89EFB625009FFE549BBA2B4E;
"settings" = {
"ATTRIBUTES" = ("RemoveHeadersOnCopy");
};
};
"0B4F7E9CF2396F31E256630C" = {
"isa" = "PBXCopyFilesBuildPhase";
"buildActionMask" = 2147483647;
"dstPath" = "";
"dstSubfolderSpec" = 13;
"files" = (0BF3A498A71EE05330E5B618);
"name" = "Embed App Extensions";
"runOnlyForDeploymentPostprocessing" = 0;
};
"CBC5C0F42E88ADCFC3E10095" = {
"isa" = "PBXNativeTarget";
"buildConfigurationList" = FEDCF411EC66402A6C4BD28B;
"buildPhases" = (AEB6B64403AE524DA8E19EB9, 77C2218D3A890C109504E1BC, F4E87BF18452C5C4BBA7E306, 0B4F7E9CF2396F31E256630C);
"buildRules" = ();
"dependencies" = (8A241B4F6D3225C4C0FCA8DF);
"name" = "AgentCompanion";
"productName" = "AgentCompanion";
"productReference" = AF2F81A8C99FE38B411B7DC4;
"productType" = "com.apple.product-type.application";
};
"77C4A027998D3821B065079C" = {
"isa" = "PBXFileReference";
"lastKnownFileType" = "sourcecode.swift";
"path" = "ProtocolTests.swift";
"sourceTree" = "<group>";
};
"DFEE64A8F305244BF72F5E2B" = {
"isa" = "PBXBuildFile";
"fileRef" = 77C4A027998D3821B065079C;
};
"4A3E199B648B7258935C2F43" = {
"isa" = "PBXGroup";
"children" = (77C4A027998D3821B065079C);
"path" = "AgentCompanionTests";
"sourceTree" = "<group>";
};
"969539559FE549C0BEAEA0A0" = {
"isa" = "PBXSourcesBuildPhase";
"buildActionMask" = 2147483647;
"files" = (DFEE64A8F305244BF72F5E2B);
"runOnlyForDeploymentPostprocessing" = 0;
};
"07D142371282BC83F5CE7218" = {
"isa" = "PBXFrameworksBuildPhase";
"buildActionMask" = 2147483647;
"files" = ();
"runOnlyForDeploymentPostprocessing" = 0;
};
"E34CFFDE1052F15663E1861C" = {
"isa" = "PBXResourcesBuildPhase";
"buildActionMask" = 2147483647;
"files" = ();
"runOnlyForDeploymentPostprocessing" = 0;
};
"67EBBA090ECAA1A7655F7E26" = {
"isa" = "PBXFileReference";
"explicitFileType" = "wrapper.cfbundle";
"includeInIndex" = 0;
"path" = "AgentCompanionTests.xctest";
"sourceTree" = "BUILT_PRODUCTS_DIR";
};
"1913E5D7DE1B004F42627B1D" = {
"isa" = "XCBuildConfiguration";
"buildSettings" = {
"PRODUCT_NAME" = "$(TARGET_NAME)";
"PRODUCT_BUNDLE_IDENTIFIER" = "com.apselabs.agentcompanion.prototype.tests";
"SWIFT_VERSION" = "5.0";
"IPHONEOS_DEPLOYMENT_TARGET" = "18.0";
"TARGETED_DEVICE_FAMILY" = "1";
"CODE_SIGN_STYLE" = "Automatic";
"SDKROOT" = "iphoneos";
"SUPPORTED_PLATFORMS" = "iphoneos iphonesimulator";
"SWIFT_OPTIMIZATION_LEVEL" = "-Onone";
"SWIFT_ACTIVE_COMPILATION_CONDITIONS" = "DEBUG";
"ENABLE_TESTABILITY" = "YES";
"LD_RUNPATH_SEARCH_PATHS" = ("$(inherited)", "@executable_path/Frameworks", "@loader_path/Frameworks");
"GENERATE_INFOPLIST_FILE" = "YES";
"TEST_HOST" = "$(BUILT_PRODUCTS_DIR)/AgentCompanion.app/$(BUNDLE_EXECUTABLE_FOLDER_PATH)/AgentCompanion";
"BUNDLE_LOADER" = "$(TEST_HOST)";
"DEVELOPMENT_TEAM" = "CF5Q5833P7";
};
"name" = "Debug";
};
"235897D93508BF2748F50EED" = {
"isa" = "XCBuildConfiguration";
"buildSettings" = {
"PRODUCT_NAME" = "$(TARGET_NAME)";
"PRODUCT_BUNDLE_IDENTIFIER" = "com.apselabs.agentcompanion.prototype.tests";
"SWIFT_VERSION" = "5.0";
"IPHONEOS_DEPLOYMENT_TARGET" = "18.0";
"TARGETED_DEVICE_FAMILY" = "1";
"CODE_SIGN_STYLE" = "Automatic";
"SDKROOT" = "iphoneos";
"SUPPORTED_PLATFORMS" = "iphoneos iphonesimulator";
"SWIFT_OPTIMIZATION_LEVEL" = "-O";
"SWIFT_ACTIVE_COMPILATION_CONDITIONS" = "";
"ENABLE_TESTABILITY" = "NO";
"LD_RUNPATH_SEARCH_PATHS" = ("$(inherited)", "@executable_path/Frameworks", "@loader_path/Frameworks");
"GENERATE_INFOPLIST_FILE" = "YES";
"TEST_HOST" = "$(BUILT_PRODUCTS_DIR)/AgentCompanion.app/$(BUNDLE_EXECUTABLE_FOLDER_PATH)/AgentCompanion";
"BUNDLE_LOADER" = "$(TEST_HOST)";
"DEVELOPMENT_TEAM" = "CF5Q5833P7";
};
"name" = "Release";
};
"8F9C84A84420B7A370BC72C6" = {
"isa" = "XCConfigurationList";
"buildConfigurations" = (1913E5D7DE1B004F42627B1D, 235897D93508BF2748F50EED);
"defaultConfigurationIsVisible" = 0;
"defaultConfigurationName" = "Release";
};
"16F03F28DD94BED5A53591BC" = {
"isa" = "PBXContainerItemProxy";
"containerPortal" = 244210E48437B6556980A702;
"proxyType" = 1;
"remoteGlobalIDString" = CBC5C0F42E88ADCFC3E10095;
"remoteInfo" = "AgentCompanion";
};
"CA50F09BF5737386B1A72DA0" = {
"isa" = "PBXTargetDependency";
"target" = CBC5C0F42E88ADCFC3E10095;
"targetProxy" = 16F03F28DD94BED5A53591BC;
};
"64034EAF17D1149159795A3B" = {
"isa" = "PBXNativeTarget";
"buildConfigurationList" = 8F9C84A84420B7A370BC72C6;
"buildPhases" = (969539559FE549C0BEAEA0A0, 07D142371282BC83F5CE7218, E34CFFDE1052F15663E1861C);
"buildRules" = ();
"dependencies" = (CA50F09BF5737386B1A72DA0);
"name" = "AgentCompanionTests";
"productName" = "AgentCompanionTests";
"productReference" = 67EBBA090ECAA1A7655F7E26;
"productType" = "com.apple.product-type.bundle.unit-test";
};
"031E47700CF4F7D578075936" = {
"isa" = "PBXFileReference";
"lastKnownFileType" = "sourcecode.swift";
"path" = "AgentCompanionWidgets.swift";
"sourceTree" = "<group>";
};
"930B8C267D07406166FACB21" = {
"isa" = "PBXBuildFile";
"fileRef" = 031E47700CF4F7D578075936;
};
"89115BD5C6DEF9BC618C29D1" = {
"isa" = "PBXFileReference";
"lastKnownFileType" = "sourcecode.swift";
"path" = "MonitoringLiveActivity.swift";
"sourceTree" = "<group>";
};
"BE63D1262DA3508908FBDD80" = {
"isa" = "PBXBuildFile";
"fileRef" = 89115BD5C6DEF9BC618C29D1;
};
"A0A0DB42DFD68EEE9C6F1ACA" = {
"isa" = "PBXFileReference";
"lastKnownFileType" = "sourcecode.swift";
"path" = "../Shared/CompanionTheme.swift";
"sourceTree" = "<group>";
};
"F2E4C04882C6027046BD5713" = {
"isa" = "PBXBuildFile";
"fileRef" = A0A0DB42DFD68EEE9C6F1ACA;
};
"0EB40FFAB4E1EF97F47D1EC3" = {
"isa" = "PBXFileReference";
"lastKnownFileType" = "sourcecode.swift";
"path" = "../Shared/MonitoringActivity.swift";
"sourceTree" = "<group>";
};
"18AA2CC889D4BFF46EBE99FC" = {
"isa" = "PBXBuildFile";
"fileRef" = 0EB40FFAB4E1EF97F47D1EC3;
};
"D17A5954249382D67D099D76" = {
"isa" = "PBXFileReference";
"lastKnownFileType" = "sourcecode.swift";
"path" = "../Shared/PacemanMark.swift";
"sourceTree" = "<group>";
};
"6115E8A8D215A5DC9742A9BD" = {
"isa" = "PBXBuildFile";
"fileRef" = D17A5954249382D67D099D76;
};
"826CA7BC2742CA11425402B9" = {
"isa" = "PBXFileReference";
"lastKnownFileType" = "folder.assetcatalog";
"path" = "../Resources/Assets.xcassets";
"sourceTree" = "<group>";
};
"29AE955B42282A2E03467FCE" = {
"isa" = "PBXBuildFile";
"fileRef" = 826CA7BC2742CA11425402B9;
};
"DFD86C43387ED72496B19CC2" = {
"isa" = "PBXFileReference";
"lastKnownFileType" = "file";
"path" = "../Resources/JetBrainsMono-OFL.txt";
"sourceTree" = "<group>";
};
"90437D362B45AF0565B6B345" = {
"isa" = "PBXBuildFile";
"fileRef" = DFD86C43387ED72496B19CC2;
};
"4B4246EE710BDB6A05D42EFD" = {
"isa" = "PBXFileReference";
"lastKnownFileType" = "file";
"path" = "../Resources/JetBrainsMono-Regular.ttf";
"sourceTree" = "<group>";
};
"243A18A386F4C92DE35A549A" = {
"isa" = "PBXBuildFile";
"fileRef" = 4B4246EE710BDB6A05D42EFD;
};
"9DF0B057999A9285C70D53A2" = {
"isa" = "PBXFileReference";
"lastKnownFileType" = "file";
"path" = "../Resources/JetBrainsMono-SemiBold.ttf";
"sourceTree" = "<group>";
};
"A5DB70B13AB5A206A42216A5" = {
"isa" = "PBXBuildFile";
"fileRef" = 9DF0B057999A9285C70D53A2;
};
"18AC41BDE050EFD68C333A1B" = {
"isa" = "PBXFileReference";
"lastKnownFileType" = "file";
"path" = "../Resources/MaterialDesignIcons-LICENSE.txt";
"sourceTree" = "<group>";
};
"37CCBD182B2F2B93AC731618" = {
"isa" = "PBXBuildFile";
"fileRef" = 18AC41BDE050EFD68C333A1B;
};
"F144C871AA2096B5086F0709" = {
"isa" = "PBXGroup";
"children" = (031E47700CF4F7D578075936, 89115BD5C6DEF9BC618C29D1, A0A0DB42DFD68EEE9C6F1ACA, 0EB40FFAB4E1EF97F47D1EC3, D17A5954249382D67D099D76, 826CA7BC2742CA11425402B9, DFD86C43387ED72496B19CC2, 4B4246EE710BDB6A05D42EFD, 9DF0B057999A9285C70D53A2, 18AC41BDE050EFD68C333A1B);
"path" = "AgentCompanionWidgets";
"sourceTree" = "<group>";
};
"1F66AA38F15CB7A77FAD348C" = {
"isa" = "PBXSourcesBuildPhase";
"buildActionMask" = 2147483647;
"files" = (930B8C267D07406166FACB21, BE63D1262DA3508908FBDD80, F2E4C04882C6027046BD5713, 18AA2CC889D4BFF46EBE99FC, 6115E8A8D215A5DC9742A9BD);
"runOnlyForDeploymentPostprocessing" = 0;
};
"E31351353393DDC7D7121737" = {
"isa" = "PBXFrameworksBuildPhase";
"buildActionMask" = 2147483647;
"files" = ();
"runOnlyForDeploymentPostprocessing" = 0;
};
"462BF504FF57D5C560C44DBD" = {
"isa" = "PBXResourcesBuildPhase";
"buildActionMask" = 2147483647;
"files" = (29AE955B42282A2E03467FCE, 90437D362B45AF0565B6B345, 243A18A386F4C92DE35A549A, A5DB70B13AB5A206A42216A5, 37CCBD182B2F2B93AC731618);
"runOnlyForDeploymentPostprocessing" = 0;
};
"89EFB625009FFE549BBA2B4E" = {
"isa" = "PBXFileReference";
"explicitFileType" = "wrapper.app-extension";
"includeInIndex" = 0;
"path" = "AgentCompanionWidgets.appex";
"sourceTree" = "BUILT_PRODUCTS_DIR";
};
"B1127F7F88A84D322A8B37B0" = {
"isa" = "XCBuildConfiguration";
"buildSettings" = {
"PRODUCT_NAME" = "$(TARGET_NAME)";
"PRODUCT_BUNDLE_IDENTIFIER" = "com.apselabs.agentcompanion.prototype.widgets";
"SWIFT_VERSION" = "5.0";
"IPHONEOS_DEPLOYMENT_TARGET" = "18.0";
"TARGETED_DEVICE_FAMILY" = "1";
"CODE_SIGN_STYLE" = "Automatic";
"SDKROOT" = "iphoneos";
"SUPPORTED_PLATFORMS" = "iphoneos iphonesimulator";
"SWIFT_OPTIMIZATION_LEVEL" = "-Onone";
"SWIFT_ACTIVE_COMPILATION_CONDITIONS" = "DEBUG";
"ENABLE_TESTABILITY" = "YES";
"LD_RUNPATH_SEARCH_PATHS" = ("$(inherited)", "@executable_path/Frameworks", "@executable_path/../../Frameworks");
"GENERATE_INFOPLIST_FILE" = "NO";
"INFOPLIST_FILE" = "AgentCompanionWidgets/Info.plist";
"CODE_SIGN_ENTITLEMENTS" = "AgentCompanionWidgets/AgentCompanionWidgets.entitlements";
"APPLICATION_EXTENSION_API_ONLY" = "YES";
"SKIP_INSTALL" = "YES";
"DEVELOPMENT_TEAM" = "CF5Q5833P7";
};
"name" = "Debug";
};
"058484F8038C94045CD137DC" = {
"isa" = "XCBuildConfiguration";
"buildSettings" = {
"PRODUCT_NAME" = "$(TARGET_NAME)";
"PRODUCT_BUNDLE_IDENTIFIER" = "com.apselabs.agentcompanion.prototype.widgets";
"SWIFT_VERSION" = "5.0";
"IPHONEOS_DEPLOYMENT_TARGET" = "18.0";
"TARGETED_DEVICE_FAMILY" = "1";
"CODE_SIGN_STYLE" = "Automatic";
"SDKROOT" = "iphoneos";
"SUPPORTED_PLATFORMS" = "iphoneos iphonesimulator";
"SWIFT_OPTIMIZATION_LEVEL" = "-O";
"SWIFT_ACTIVE_COMPILATION_CONDITIONS" = "";
"ENABLE_TESTABILITY" = "NO";
"LD_RUNPATH_SEARCH_PATHS" = ("$(inherited)", "@executable_path/Frameworks", "@executable_path/../../Frameworks");
"GENERATE_INFOPLIST_FILE" = "NO";
"INFOPLIST_FILE" = "AgentCompanionWidgets/Info.plist";
"CODE_SIGN_ENTITLEMENTS" = "AgentCompanionWidgets/AgentCompanionWidgets.entitlements";
"APPLICATION_EXTENSION_API_ONLY" = "YES";
"SKIP_INSTALL" = "YES";
"DEVELOPMENT_TEAM" = "CF5Q5833P7";
};
"name" = "Release";
};
"D37E352D67DFF2BA1E3215D0" = {
"isa" = "XCConfigurationList";
"buildConfigurations" = (B1127F7F88A84D322A8B37B0, 058484F8038C94045CD137DC);
"defaultConfigurationIsVisible" = 0;
"defaultConfigurationName" = "Release";
};
"B742666B0E1B3E7999894166" = {
"isa" = "PBXNativeTarget";
"buildConfigurationList" = D37E352D67DFF2BA1E3215D0;
"buildPhases" = (1F66AA38F15CB7A77FAD348C, E31351353393DDC7D7121737, 462BF504FF57D5C560C44DBD);
"buildRules" = ();
"dependencies" = ();
"name" = "AgentCompanionWidgets";
"productName" = "AgentCompanionWidgets";
"productReference" = 89EFB625009FFE549BBA2B4E;
"productType" = "com.apple.product-type.app-extension";
};
"0A3E27B8CA818264D75C8D81" = {
"isa" = "PBXGroup";
"children" = (AF2F81A8C99FE38B411B7DC4, 67EBBA090ECAA1A7655F7E26, 89EFB625009FFE549BBA2B4E);
"name" = "Products";
"sourceTree" = "<group>";
};
"0D6E4079E36703EBD37C0072" = {
"isa" = "PBXGroup";
"children" = (BADFBA3833E9F76BE403D636, 4A3E199B648B7258935C2F43, F144C871AA2096B5086F0709, 0A3E27B8CA818264D75C8D81);
"sourceTree" = "<group>";
};
"09AA38CEF3EA53936A20C858" = {
"isa" = "XCBuildConfiguration";
"name" = "Debug";
"buildSettings" = {
"CLANG_ENABLE_MODULES" = "YES";
"SWIFT_STRICT_CONCURRENCY" = "minimal";
"DEBUG_INFORMATION_FORMAT" = "dwarf";
"ONLY_ACTIVE_ARCH" = "YES";
};
};
"2C51B24F1BD0E37CCD3A85CD" = {
"isa" = "XCBuildConfiguration";
"name" = "Release";
"buildSettings" = {
"CLANG_ENABLE_MODULES" = "YES";
"SWIFT_STRICT_CONCURRENCY" = "minimal";
"DEBUG_INFORMATION_FORMAT" = "dwarf";
"ONLY_ACTIVE_ARCH" = "NO";
};
};
"4F9780D05AFB226691EE6E8A" = {
"isa" = "XCConfigurationList";
"buildConfigurations" = (09AA38CEF3EA53936A20C858, 2C51B24F1BD0E37CCD3A85CD);
"defaultConfigurationIsVisible" = 0;
"defaultConfigurationName" = "Release";
};
"244210E48437B6556980A702" = {
"isa" = "PBXProject";
"attributes" = {
"LastUpgradeCheck" = "1600";
"BuildIndependentTargetsInParallel" = "YES";
};
"buildConfigurationList" = 4F9780D05AFB226691EE6E8A;
"compatibilityVersion" = "Xcode 14.0";
"developmentRegion" = "en";
"hasScannedForEncodings" = 0;
"knownRegions" = ("en", "Base");
"mainGroup" = 0D6E4079E36703EBD37C0072;
"productRefGroup" = 0A3E27B8CA818264D75C8D81;
"projectDirPath" = "";
"projectRoot" = "";
"targets" = (CBC5C0F42E88ADCFC3E10095, 64034EAF17D1149159795A3B, B742666B0E1B3E7999894166);
};
};
"rootObject" = 244210E48437B6556980A702;
}
